
Microsoft Visual Studio Solution File, Format Version 12.00
# Visual Studio Version 16
VisualStudioVersion = 16.0.30420.98
MinimumVisualStudioVersion = 10.0.40219.1
Project("{9A19103F-16F7-4668-BE54-9A1E7A4F7556}") = "BlazorStack", "src\BlazorStack\BlazorStack.csproj", "{5163B72F-7CAF-42EC-84B2-9A915AAF8EC7}"
EndProject
Project("{2150E333-8FDC-42A3-9474-1A3956D46DE8}") = ".solution", ".solution", "{A5884609-F717-427C-825B-8EAFFE37F6E3}"
	ProjectSection(SolutionItems) = preProject
		.editorconfig = .editorconfig
		Directory.Build.props = Directory.Build.props
		global.json = global.json
		LICENSE.txt = LICENSE.txt
		README.md = README.md
	EndProjectSection
EndProject
Project("{2150E333-8FDC-42A3-9474-1A3956D46DE8}") = ".github", ".github", "{5CABB06D-4BC5-4A0B-833B-B1A4059432C6}"
EndProject
Project("{FAE04EC0-301F-11D3-BF4B-00C04F79EFBC}") = "Sample.Wasm", "samples\wasm\Sample.Wasm.csproj", "{4B926DAA-677D-4AC5-A9B5-D7012346EE57}"
EndProject
Project("{2150E333-8FDC-42A3-9474-1A3956D46DE8}") = "samples", "samples", "{2190EF00-2D09-4DB5-9597-D20C6764E1EB}"
EndProject
Project("{2150E333-8FDC-42A3-9474-1A3956D46DE8}") = "workflows", "workflows", "{C6F06F13-965B-4096-A279-FEB14CCC5DF8}"
	ProjectSection(SolutionItems) = preProject
		.github\workflows\codeql-analysis.yml = .github\workflows\codeql-analysis.yml
		.github\workflows\deploy-sample-site.yml = .github\workflows\deploy-sample-site.yml
		.github\workflows\ci.yml = .github\workflows\ci.yml
	EndProjectSection
EndProject
Project("{FAE04EC0-301F-11D3-BF4B-00C04F79EFBC}") = "Sample", "samples\sample\Sample.csproj", "{8BC3F353-1979-457D-B392-AF999DBB016E}"
EndProject
Global
	GlobalSection(SolutionConfigurationPlatforms) = preSolution
		Debug|Any CPU = Debug|Any CPU
		Release|Any CPU = Release|Any CPU
	EndGlobalSection
	GlobalSection(ProjectConfigurationPlatforms) = postSolution
		{5163B72F-7CAF-42EC-84B2-9A915AAF8EC7}.Debug|Any CPU.ActiveCfg = Debug|Any CPU
		{5163B72F-7CAF-42EC-84B2-9A915AAF8EC7}.Debug|Any CPU.Build.0 = Debug|Any CPU
		{5163B72F-7CAF-42EC-84B2-9A915AAF8EC7}.Release|Any CPU.ActiveCfg = Release|Any CPU
		{5163B72F-7CAF-42EC-84B2-9A915AAF8EC7}.Release|Any CPU.Build.0 = Release|Any CPU
		{4B926DAA-677D-4AC5-A9B5-D7012346EE57}.Debug|Any CPU.ActiveCfg = Debug|Any CPU
		{4B926DAA-677D-4AC5-A9B5-D7012346EE57}.Debug|Any CPU.Build.0 = Debug|Any CPU
		{4B926DAA-677D-4AC5-A9B5-D7012346EE57}.Release|Any CPU.ActiveCfg = Release|Any CPU
		{4B926DAA-677D-4AC5-A9B5-D7012346EE57}.Release|Any CPU.Build.0 = Release|Any CPU
		{8BC3F353-1979-457D-B392-AF999DBB016E}.Debug|Any CPU.ActiveCfg = Debug|Any CPU
		{8BC3F353-1979-457D-B392-AF999DBB016E}.Debug|Any CPU.Build.0 = Debug|Any CPU
		{8BC3F353-1979-457D-B392-AF999DBB016E}.Release|Any CPU.ActiveCfg = Release|Any CPU
		{8BC3F353-1979-457D-B392-AF999DBB016E}.Release|Any CPU.Build.0 = Release|Any CPU
	EndGlobalSection
	GlobalSection(SolutionProperties) = preSolution
		HideSolutionNode = FALSE
	EndGlobalSection
	GlobalSection(ExtensibilityGlobals) = postSolution
		SolutionGuid = {52B440F2-B3EC-4A1A-BC59-772C7D2F1D2F}
	EndGlobalSection
	GlobalSection(NestedProjects) = preSolution
		{4B926DAA-677D-4AC5-A9B5-D7012346EE57} = {2190EF00-2D09-4DB5-9597-D20C6764E1EB}
		{C6F06F13-965B-4096-A279-FEB14CCC5DF8} = {5CABB06D-4BC5-4A0B-833B-B1A4059432C6}
		{8BC3F353-1979-457D-B392-AF999DBB016E} = {2190EF00-2D09-4DB5-9597-D20C6764E1EB}
	EndGlobalSection
EndGlobal
